<?xml version="1.0" encoding="utf-8"?>
<Project ToolsVersion="4.0" xmlns="http://schemas.microsoft.com/developer/msbuild/2003">
  <ItemGroup>
    <Filter Include="Form Files">
      <UniqueIdentifier>{99349809-55BA-4b9d-BF79-8FDBB0286EB3}</UniqueIdentifier>
      <Extensions>ui</Extensions>
      <ParseFiles>false</ParseFiles>
    </Filter>
    <Filter Include="Form Files">
      <UniqueIdentifier>{99349809-55BA-4b9d-BF79-8FDBB0286EB3}</UniqueIdentifier>
      <Extensions>ui</Extensions>
      <ParseFiles>false</ParseFiles>
    </Filter>
    <Filter Include="Generated Files">
      <UniqueIdentifier>{71ED8ED8-ACB9-4CE9-BBE1-E00B30144E11}</UniqueIdentifier>
      <Extensions>cpp;c;cxx;moc;h;def;odl;idl;res;</Extensions>
    </Filter>
    <Filter Include="Generated Files">
      <UniqueIdentifier>{71ED8ED8-ACB9-4CE9-BBE1-E00B30144E11}</UniqueIdentifier>
      <Extensions>cpp;c;cxx;moc;h;def;odl;idl;res;</Extensions>
    </Filter>
    <Filter Include="Header Files">
      <UniqueIdentifier>{93995380-89BD-4b04-88EB-625FBE52EBFB}</UniqueIdentifier>
      <Extensions>h;hpp;hxx;hm;inl;inc;xsd</Extensions>
    </Filter>
    <Filter Include="Header Files">
      <UniqueIdentifier>{93995380-89BD-4b04-88EB-625FBE52EBFB}</UniqueIdentifier>
      <Extensions>h;hpp;hxx;hm;inl;inc;xsd</Extensions>
    </Filter>
    <Filter Include="Source Files">
      <UniqueIdentifier>{4FC737F1-C7A5-4376-A066-2A32D752A2FF}</UniqueIdentifier>
      <Extensions>cpp;c;cxx;def;odl;idl;hpj;bat;asm;asmx</Extensions>
    </Filter>
    <Filter Include="Source Files">
      <UniqueIdentifier>{4FC737F1-C7A5-4376-A066-2A32D752A2FF}</UniqueIdentifier>
      <Extensions>cpp;c;cxx;def;odl;idl;hpj;bat;asm;asmx</Extensions>
    </Filter>
    <Filter Include="Generated Files\Debug">
      <UniqueIdentifier>{0544f440-4752-4598-8737-9118694a5e24}</UniqueIdentifier>
      <Extensions>cpp;moc</Extensions>
      <SourceControlFiles>False</SourceControlFiles>
    </Filter>
    <Filter Include="Generated Files\Release">
      <UniqueIdentifier>{bb2f9b65-2aa8-4a19-857b-585cd399500a}</UniqueIdentifier>
      <Extensions>cpp;moc</Extensions>
      <SourceControlFiles>False</SourceControlFiles>
    </Filter>
    <Filter Include="Other Files">
      <UniqueIdentifier>{dcd23589-727c-47ee-93a8-364723898d08}</UniqueIdentifier>
    </Filter>
    <Filter Include="Resource Files">
      <UniqueIdentifier>{D9D6E242-F8AF-46E4-B9FD-80ECBC20BA3E}</UniqueIdentifier>
      <Extensions>qrc;*</Extensions>
      <ParseFiles>false</ParseFiles>
    </Filter>
    <Filter Include="FetchData">
      <UniqueIdentifier>{45c77cf4-2ea5-4448-8ed0-c4a451ff0976}</UniqueIdentifier>
    </Filter>
    <Filter Include="FetchData\Header Files">
      <UniqueIdentifier>{11130702-47f5-43de-8b1a-bbd6b9a5d3a7}</UniqueIdentifier>
    </Filter>
    <Filter Include="FetchData\Source Files">
      <UniqueIdentifier>{e3f6c3fd-44a7-4baf-a7d8-d7c7c346de65}</UniqueIdentifier>
    </Filter>
  </ItemGroup>
  <ItemGroup>
    <ClCompile Include="dataconfig.cpp">
      <Filter>Source Files</Filter>
    </ClCompile>
    <ClCompile Include="heroesusedandrate.cpp">
      <Filter>Source Files</Filter>
    </ClCompile>
    <ClCompile Include="heroesusedandratemanager.cpp">
      <Filter>Source Files</Filter>
    </ClCompile>
    <ClCompile Include="heroitems.cpp">
      <Filter>Source Files</Filter>
    </ClCompile>
    <ClCompile Include="heroitemsmanager.cpp">
      <Filter>Source Files</Filter>
    </ClCompile>
    <ClCompile Include="herolist.cpp">
      <Filter>Source Files</Filter>
    </ClCompile>
    <ClCompile Include="main.cpp">
      <Filter>Source Files</Filter>
    </ClCompile>
    <ClCompile Include="mainwindow.cpp">
      <Filter>Source Files</Filter>
    </ClCompile>
    <ClCompile Include="utility.cpp">
      <Filter>Source Files</Filter>
    </ClCompile>
    <ClCompile Include="GeneratedFiles\Debug\moc_mainwindow.cpp">
      <Filter>Generated Files\Debug</Filter>
    </ClCompile>
    <ClCompile Include="GeneratedFiles\Release\moc_mainwindow.cpp">
      <Filter>Generated Files\Release</Filter>
    </ClCompile>
    <ClCompile Include="GeneratedFiles\Debug\moc_statusbarsetter.cpp">
      <Filter>Generated Files\Debug</Filter>
    </ClCompile>
    <ClCompile Include="GeneratedFiles\Release\moc_statusbarsetter.cpp">
      <Filter>Generated Files\Release</Filter>
    </ClCompile>
    <ClCompile Include="databasemanager.cpp">
      <Filter>Source Files</Filter>
    </ClCompile>
    <ClCompile Include="webdatadownloader.cpp">
      <Filter>Source Files</Filter>
    </ClCompile>
    <ClCompile Include="webdatasourcedotamax.cpp">
      <Filter>Source Files</Filter>
    </ClCompile>
    <ClCompile Include="webdatasourcemanager.cpp">
      <Filter>Source Files</Filter>
    </ClCompile>
    <ClCompile Include="webdatasourcedotabuff.cpp">
      <Filter>Source Files</Filter>
    </ClCompile>
    <ClCompile Include="GeneratedFiles\Debug\moc_setdatasourcedialog.cpp">
      <Filter>Generated Files\Debug</Filter>
    </ClCompile>
    <ClCompile Include="setdatasourcedialog.cpp">
      <Filter>Source Files</Filter>
    </ClCompile>
    <ClCompile Include="GeneratedFiles\Release\moc_setdatasourcedialog.cpp">
      <Filter>Generated Files\Release</Filter>
    </ClCompile>
    <ClCompile Include="GeneratedFiles\Debug\moc_idataview.cpp">
      <Filter>Generated Files\Debug</Filter>
    </ClCompile>
    <ClCompile Include="GeneratedFiles\Release\moc_idataview.cpp">
      <Filter>Generated Files\Release</Filter>
    </ClCompile>
    <ClCompile Include="GeneratedFiles\Debug\moc_heroitemsview.cpp">
      <Filter>Generated Files\Debug</Filter>
    </ClCompile>
    <ClCompile Include="GeneratedFiles\Release\moc_heroitemsview.cpp">
      <Filter>Generated Files\Release</Filter>
    </ClCompile>
    <ClCompile Include="heroitemsview.cpp">
      <Filter>Source Files</Filter>
    </ClCompile>
    <ClCompile Include="playermatchhistoryview.cpp">
      <Filter>Source Files</Filter>
    </ClCompile>
    <ClCompile Include="GeneratedFiles\Debug\moc_playermatchhistoryview.cpp">
      <Filter>Generated Files\Debug</Filter>
    </ClCompile>
    <ClCompile Include="GeneratedFiles\Release\moc_playermatchhistoryview.cpp">
      <Filter>Generated Files\Release</Filter>
    </ClCompile>
    <ClCompile Include="matchdetailview.cpp">
      <Filter>Source Files</Filter>
    </ClCompile>
    <ClCompile Include="GeneratedFiles\Debug\moc_matchdetailview.cpp">
      <Filter>Generated Files\Debug</Filter>
    </ClCompile>
    <ClCompile Include="GeneratedFiles\Release\moc_matchdetailview.cpp">
      <Filter>Generated Files\Release</Filter>
    </ClCompile>
    <ClCompile Include="itemimagedelegate.cpp">
      <Filter>Source Files</Filter>
    </ClCompile>
    <ClCompile Include="GeneratedFiles\Debug\moc_itemimagedelegate.cpp">
      <Filter>Generated Files\Debug</Filter>
    </ClCompile>
    <ClCompile Include="GeneratedFiles\Release\moc_itemimagedelegate.cpp">
      <Filter>Generated Files\Release</Filter>
    </ClCompile>
    <ClCompile Include="GeneratedFiles\qrc_resource.cpp">
      <Filter>Generated Files</Filter>
    </ClCompile>
    <ClCompile Include="matchdetailmanager.cpp">
      <Filter>Source Files</Filter>
    </ClCompile>
    <ClCompile Include="abilitieslist.cpp">
      <Filter>Source Files</Filter>
    </ClCompile>
    <ClCompile Include="matchdetail.cpp">
      <Filter>Source Files</Filter>
    </ClCompile>
    <ClCompile Include="queuewaitfetchedplayers.cpp">
      <Filter>Source Files</Filter>
    </ClCompile>
    <ClCompile Include="fetchdataview.cpp">
      <Filter>Source Files</Filter>
    </ClCompile>
    <ClCompile Include="GeneratedFiles\Debug\moc_fetchdataview.cpp">
      <Filter>Generated Files\Debug</Filter>
    </ClCompile>
    <ClCompile Include="GeneratedFiles\Release\moc_fetchdataview.cpp">
      <Filter>Generated Files\Release</Filter>
    </ClCompile>
    <ClCompile Include="fetchdatathread.cpp">
      <Filter>FetchData\Source Files</Filter>
    </ClCompile>
    <ClCompile Include="playermatchhistory.cpp">
      <Filter>Source Files</Filter>
    </ClCompile>
    <ClCompile Include="matchdetailsavethread.cpp">
      <Filter>FetchData\Source Files</Filter>
    </ClCompile>
    <ClCompile Include="matchdetailparsethread.cpp">
      <Filter>FetchData\Source Files</Filter>
    </ClCompile>
    <ClCompile Include="matchdetaildownloadthread.cpp">
      <Filter>FetchData\Source Files</Filter>
    </ClCompile>
    <ClCompile Include="fetchmatchhistorythread.cpp">
      <Filter>FetchData\Source Files</Filter>
    </ClCompile>
    <ClCompile Include="GeneratedFiles\Debug\moc_matchdetaildownloadthread.cpp">
      <Filter>Generated Files\Debug</Filter>
    </ClCompile>
    <ClCompile Include="GeneratedFiles\Release\moc_matchdetaildownloadthread.cpp">
      <Filter>Generated Files\Release</Filter>
    </ClCompile>
    <ClCompile Include="GeneratedFiles\Debug\moc_fetchdatathread.cpp">
      <Filter>Generated Files\Debug</Filter>
    </ClCompile>
    <ClCompile Include="GeneratedFiles\Release\moc_fetchdatathread.cpp">
      <Filter>Generated Files\Release</Filter>
    </ClCompile>
    <ClCompile Include="downloadcenter.cpp">
      <Filter>FetchData\Source Files</Filter>
    </ClCompile>
    <ClCompile Include="GeneratedFiles\Debug\moc_needdownload.cpp">
      <Filter>Generated Files\Debug</Filter>
    </ClCompile>
    <ClCompile Include="GeneratedFiles\Release\moc_needdownload.cpp">
      <Filter>Generated Files\Release</Filter>
    </ClCompile>
  </ItemGroup>
  <ItemGroup>
    <ClInclude Include="dataconfig.h">
      <Filter>Header Files</Filter>
    </ClInclude>
    <ClInclude Include="heroesusedandrate.h">
      <Filter>Header Files</Filter>
    </ClInclude>
    <ClInclude Include="heroesusedandratemanager.h">
      <Filter>Header Files</Filter>
    </ClInclude>
    <ClInclude Include="heroitems.h">
      <Filter>Header Files</Filter>
    </ClInclude>
    <ClInclude Include="heroitemsmanager.h">
      <Filter>Header Files</Filter>
    </ClInclude>
    <ClInclude Include="herolist.h">
      <Filter>Header Files</Filter>
    </ClInclude>
    <CustomBuild Include="mainwindow.h">
      <Filter>Header Files</Filter>
    </CustomBuild>
    <ClInclude Include="singleton.h">
      <Filter>Header Files</Filter>
    </ClInclude>
    <ClInclude Include="utility.h">
      <Filter>Header Files</Filter>
    </ClInclude>
    <ClInclude Include="GeneratedFiles\ui_mainwindow.h">
      <Filter>Generated Files</Filter>
    </ClInclude>
    <ClInclude Include="version.h">
      <Filter>Header Files</Filter>
    </ClInclude>
    <ClInclude Include="databasemanager.h">
      <Filter>Header Files</Filter>
    </ClInclude>
    <ClInclude Include="webdatadownloader.h">
      <Filter>Header Files</Filter>
    </ClInclude>
    <ClInclude Include="iwebdatasource.h">
      <Filter>Header Files</Filter>
    </ClInclude>
    <ClInclude Include="webdatasourcedotamax.h">
      <Filter>Header Files</Filter>
    </ClInclude>
    <ClInclude Include="webdatasourcemanager.h">
      <Filter>Header Files</Filter>
    </ClInclude>
    <ClInclude Include="webdatasourcedotabuff.h">
      <Filter>Header Files</Filter>
    </ClInclude>
    <ClInclude Include="GeneratedFiles\ui_setdatasource.h">
      <Filter>Generated Files</Filter>
    </ClInclude>
    <ClInclude Include="GeneratedFiles\ui_view_heroitems.h">
      <Filter>Generated Files</Filter>
    </ClInclude>
    <ClInclude Include="GeneratedFiles\ui_view_playermatchhistory.h">
      <Filter>Generated Files</Filter>
    </ClInclude>
    <ClInclude Include="GeneratedFiles\ui_view_matchdetail.h">
      <Filter>Generated Files</Filter>
    </ClInclude>
    <ClInclude Include="abilitieslist.h">
      <Filter>Header Files</Filter>
    </ClInclude>
    <ClInclude Include="dataneedcache.h">
      <Filter>Header Files</Filter>
    </ClInclude>
    <ClInclude Include="datamanagerbase.h">
      <Filter>Header Files</Filter>
    </ClInclude>
    <ClInclude Include="matchdetail.h">
      <Filter>Header Files</Filter>
    </ClInclude>
    <ClInclude Include="matchdetailmanager.h">
      <Filter>Header Files</Filter>
    </ClInclude>
    <ClInclude Include="hashdataneedcache.h">
      <Filter>Header Files</Filter>
    </ClInclude>
    <ClInclude Include="queuewaitfetchedplayers.h">
      <Filter>Header Files</Filter>
    </ClInclude>
    <ClInclude Include="GeneratedFiles\ui_view_fetchdata.h">
      <Filter>Generated Files</Filter>
    </ClInclude>
    <ClInclude Include="playermatchhistory.h">
      <Filter>Header Files</Filter>
    </ClInclude>
    <ClInclude Include="matchdetailsavethread.h">
      <Filter>FetchData\Header Files</Filter>
    </ClInclude>
    <ClInclude Include="matchdetailparsethread.h">
      <Filter>FetchData\Header Files</Filter>
    </ClInclude>
    <ClInclude Include="fetchmatchhistorythread.h">
      <Filter>FetchData\Header Files</Filter>
    </ClInclude>
    <ClInclude Include="downloadcenter.h">
      <Filter>FetchData\Header Files</Filter>
    </ClInclude>
  </ItemGroup>
  <ItemGroup>
    <CustomBuild Include="mainwindow.ui">
      <Filter>Form Files</Filter>
    </CustomBuild>
    <CustomBuild Include="statusbarsetter.h">
      <Filter>Header Files</Filter>
    </CustomBuild>
    <CustomBuild Include="setdatasource.ui">
      <Filter>Form Files</Filter>
    </CustomBuild>
    <CustomBuild Include="setdatasourcedialog.h">
      <Filter>Header Files</Filter>
    </CustomBuild>
    <CustomBuild Include="view_heroitems.ui">
      <Filter>Form Files</Filter>
    </CustomBuild>
    <CustomBuild Include="idataview.h">
      <Filter>Header Files</Filter>
    </CustomBuild>
    <CustomBuild Include="heroitemsview.h">
      <Filter>Header Files</Filter>
    </CustomBuild>
    <CustomBuild Include="playermatchhistoryview.h">
      <Filter>Header Files</Filter>
    </CustomBuild>
    <CustomBuild Include="view_playermatchhistory.ui">
      <Filter>Form Files</Filter>
    </CustomBuild>
    <CustomBuild Include="view_matchdetail.ui">
      <Filter>Form Files</Filter>
    </CustomBuild>
    <CustomBuild Include="matchdetailview.h">
      <Filter>Header Files</Filter>
    </CustomBuild>
    <CustomBuild Include="itemimagedelegate.h">
      <Filter>Header Files</Filter>
    </CustomBuild>
    <CustomBuild Include="view_fetchdata.ui">
      <Filter>Form Files</Filter>
    </CustomBuild>
    <CustomBuild Include="fetchdataview.h">
      <Filter>Header Files</Filter>
    </CustomBuild>
    <CustomBuild Include="resource.qrc">
      <Filter>Resource Files</Filter>
    </CustomBuild>
    <CustomBuild Include="matchdetaildownloadthread.h">
      <Filter>FetchData\Header Files</Filter>
    </CustomBuild>
    <CustomBuild Include="fetchdatathread.h">
      <Filter>FetchData\Header Files</Filter>
    </CustomBuild>
    <CustomBuild Include="needdownload.h">
      <Filter>Header Files</Filter>
    </CustomBuild>
  </ItemGroup>
  <ItemGroup>
    <Xml Include="heroes.xml">
      <Filter>Other Files</Filter>
    </Xml>
    <Xml Include="items.xml">
      <Filter>Other Files</Filter>
    </Xml>
    <Xml Include="abilities.xml">
      <Filter>Other Files</Filter>
    </Xml>
  </ItemGroup>
  <ItemGroup>
    <ResourceCompile Include="dota2statistics.rc">
      <Filter>Resource Files</Filter>
    </ResourceCompile>
  </ItemGroup>
</Project>