<?xml version="1.0" encoding="utf-8"?>
<Project ToolsVersion="4.0" xmlns="http://schemas.microsoft.com/developer/msbuild/2003">
  <ItemGroup>
    <Filter Include="Form Files">
      <UniqueIdentifier>{99349809-55BA-4b9d-BF79-8FDBB0286EB3}</UniqueIdentifier>
      <Extensions>ui</Extensions>
      <ParseFiles>false</ParseFiles>
    </Filter>
    <Filter Include="Form Files">
      <UniqueIdentifier>{99349809-55BA-4b9d-BF79-8FDBB0286EB3}</UniqueIdentifier>
      <Extensions>ui</Extensions>
      <ParseFiles>false</ParseFiles>
    </Filter>
    <Filter Include="Generated Files">
      <UniqueIdentifier>{71ED8ED8-ACB9-4CE9-BBE1-E00B30144E11}</UniqueIdentifier>
      <Extensions>cpp;c;cxx;moc;h;def;odl;idl;res;</Extensions>
    </Filter>
    <Filter Include="Generated Files">
      <UniqueIdentifier>{71ED8ED8-ACB9-4CE9-BBE1-E00B30144E11}</UniqueIdentifier>
      <Extensions>cpp;c;cxx;moc;h;def;odl;idl;res;</Extensions>
    </Filter>
    <Filter Include="Header Files">
      <UniqueIdentifier>{93995380-89BD-4b04-88EB-625FBE52EBFB}</UniqueIdentifier>
      <Extensions>h;hpp;hxx;hm;inl;inc;xsd</Extensions>
    </Filter>
    <Filter Include="Header Files">
      <UniqueIdentifier>{93995380-89BD-4b04-88EB-625FBE52EBFB}</UniqueIdentifier>
      <Extensions>h;hpp;hxx;hm;inl;inc;xsd</Extensions>
    </Filter>
    <Filter Include="Source Files">
      <UniqueIdentifier>{4FC737F1-C7A5-4376-A066-2A32D752A2FF}</UniqueIdentifier>
      <Extensions>cpp;c;cxx;def;odl;idl;hpj;bat;asm;asmx</Extensions>
    </Filter>
    <Filter Include="Source Files">
      <UniqueIdentifier>{4FC737F1-C7A5-4376-A066-2A32D752A2FF}</UniqueIdentifier>
      <Extensions>cpp;c;cxx;def;odl;idl;hpj;bat;asm;asmx</Extensions>
    </Filter>
    <Filter Include="Generated Files\Debug">
      <UniqueIdentifier>{0544f440-4752-4598-8737-9118694a5e24}</UniqueIdentifier>
      <Extensions>cpp;moc</Extensions>
      <SourceControlFiles>False</SourceControlFiles>
    </Filter>
    <Filter Include="Generated Files\Release">
      <UniqueIdentifier>{bb2f9b65-2aa8-4a19-857b-585cd399500a}</UniqueIdentifier>
      <Extensions>cpp;moc</Extensions>
      <SourceControlFiles>False</SourceControlFiles>
    </Filter>
    <Filter Include="Other Files">
      <UniqueIdentifier>{dcd23589-727c-47ee-93a8-364723898d08}</UniqueIdentifier>
    </Filter>
  </ItemGroup>
  <ItemGroup>
    <ClCompile Include="dataconfig.cpp">
      <Filter>Source Files</Filter>
    </ClCompile>
    <ClCompile Include="heroesusedandrate.cpp">
      <Filter>Source Files</Filter>
    </ClCompile>
    <ClCompile Include="heroesusedandratemanager.cpp">
      <Filter>Source Files</Filter>
    </ClCompile>
    <ClCompile Include="heroitems.cpp">
      <Filter>Source Files</Filter>
    </ClCompile>
    <ClCompile Include="heroitemsmanager.cpp">
      <Filter>Source Files</Filter>
    </ClCompile>
    <ClCompile Include="herolist.cpp">
      <Filter>Source Files</Filter>
    </ClCompile>
    <ClCompile Include="main.cpp">
      <Filter>Source Files</Filter>
    </ClCompile>
    <ClCompile Include="mainwindow.cpp">
      <Filter>Source Files</Filter>
    </ClCompile>
    <ClCompile Include="utility.cpp">
      <Filter>Source Files</Filter>
    </ClCompile>
    <ClCompile Include="GeneratedFiles\Debug\moc_mainwindow.cpp">
      <Filter>Generated Files\Debug</Filter>
    </ClCompile>
    <ClCompile Include="GeneratedFiles\Release\moc_mainwindow.cpp">
      <Filter>Generated Files\Release</Filter>
    </ClCompile>
    <ClCompile Include="GeneratedFiles\Debug\moc_statusbarsetter.cpp">
      <Filter>Generated Files\Debug</Filter>
    </ClCompile>
    <ClCompile Include="GeneratedFiles\Release\moc_statusbarsetter.cpp">
      <Filter>Generated Files\Release</Filter>
    </ClCompile>
    <ClCompile Include="databasemanager.cpp">
      <Filter>Source Files</Filter>
    </ClCompile>
    <ClCompile Include="webdatadownloader.cpp">
      <Filter>Source Files</Filter>
    </ClCompile>
    <ClCompile Include="webdatasourcedotamax.cpp">
      <Filter>Source Files</Filter>
    </ClCompile>
    <ClCompile Include="webdatasourcemanager.cpp">
      <Filter>Source Files</Filter>
    </ClCompile>
    <ClCompile Include="webdatasourcedotabuff.cpp">
      <Filter>Source Files</Filter>
    </ClCompile>
    <ClCompile Include="GeneratedFiles\Debug\moc_setdatasourcedialog.cpp">
      <Filter>Generated Files\Debug</Filter>
    </ClCompile>
    <ClCompile Include="setdatasourcedialog.cpp">
      <Filter>Source Files</Filter>
    </ClCompile>
    <ClCompile Include="GeneratedFiles\Release\moc_setdatasourcedialog.cpp">
      <Filter>Generated Files\Release</Filter>
    </ClCompile>
  </ItemGroup>
  <ItemGroup>
    <ClInclude Include="dataconfig.h">
      <Filter>Header Files</Filter>
    </ClInclude>
    <ClInclude Include="heroesusedandrate.h">
      <Filter>Header Files</Filter>
    </ClInclude>
    <ClInclude Include="heroesusedandratemanager.h">
      <Filter>Header Files</Filter>
    </ClInclude>
    <ClInclude Include="heroitems.h">
      <Filter>Header Files</Filter>
    </ClInclude>
    <ClInclude Include="heroitemsmanager.h">
      <Filter>Header Files</Filter>
    </ClInclude>
    <ClInclude Include="herolist.h">
      <Filter>Header Files</Filter>
    </ClInclude>
    <CustomBuild Include="mainwindow.h">
      <Filter>Header Files</Filter>
    </CustomBuild>
    <ClInclude Include="singleton.h">
      <Filter>Header Files</Filter>
    </ClInclude>
    <ClInclude Include="utility.h">
      <Filter>Header Files</Filter>
    </ClInclude>
    <ClInclude Include="GeneratedFiles\ui_mainwindow.h">
      <Filter>Generated Files</Filter>
    </ClInclude>
    <ClInclude Include="version.h">
      <Filter>Header Files</Filter>
    </ClInclude>
    <ClInclude Include="databasemanager.h">
      <Filter>Header Files</Filter>
    </ClInclude>
    <ClInclude Include="webdatadownloader.h">
      <Filter>Header Files</Filter>
    </ClInclude>
    <ClInclude Include="iwebdatasource.h">
      <Filter>Header Files</Filter>
    </ClInclude>
    <ClInclude Include="webdatasourcedotamax.h">
      <Filter>Header Files</Filter>
    </ClInclude>
    <ClInclude Include="webdatasourcemanager.h">
      <Filter>Header Files</Filter>
    </ClInclude>
    <ClInclude Include="webdatasourcedotabuff.h">
      <Filter>Header Files</Filter>
    </ClInclude>
    <ClInclude Include="GeneratedFiles\ui_setdatasource.h">
      <Filter>Generated Files</Filter>
    </ClInclude>
  </ItemGroup>
  <ItemGroup>
    <CustomBuild Include="mainwindow.ui">
      <Filter>Form Files</Filter>
    </CustomBuild>
    <CustomBuild Include="statusbarsetter.h">
      <Filter>Header Files</Filter>
    </CustomBuild>
    <CustomBuild Include="setdatasource.ui">
      <Filter>Form Files</Filter>
    </CustomBuild>
    <CustomBuild Include="setdatasourcedialog.h">
      <Filter>Header Files</Filter>
    </CustomBuild>
  </ItemGroup>
  <ItemGroup>
    <ResourceCompile Include="dota2statistics.rc" />
  </ItemGroup>
  <ItemGroup>
    <Xml Include="heroes.xml">
      <Filter>Other Files</Filter>
    </Xml>
    <Xml Include="items.xml">
      <Filter>Other Files</Filter>
    </Xml>
  </ItemGroup>
</Project>